
Microsoft Visual Studio Solution File, Format Version 12.00
# Visual Studio Version 17
VisualStudioVersion = 17.4.32916.344
MinimumVisualStudioVersion = 10.0.40219.1
Project("{9A19103F-16F7-4668-BE54-9A1E7A4F7556}") = "APIContagem", "APIContagem.csproj", "{7A1CD503-BE27-414E-9FAB-62352FEBB24F}"
EndProject
Project("{9A19103F-16F7-4668-BE54-9A1E7A4F7556}") = "Groffe.AspNetCore.ApiKeyChecking", "..\Groffe.AspNetCore.ApiKeyChecking\Groffe.AspNetCore.ApiKeyChecking.csproj", "{39025067-35B8-44F5-8B11-B914541A6816}"
EndProject
Global
	GlobalSection(SolutionConfigurationPlatforms) = preSolution
		Debug|Any CPU = Debug|Any CPU
		Release|Any CPU = Release|Any CPU
	EndGlobalSection
	GlobalSection(ProjectConfigurationPlatforms) = postSolution
		{7A1CD503-BE27-414E-9FAB-62352FEBB24F}.Debug|Any CPU.ActiveCfg = Debug|Any CPU
		{7A1CD503-BE27-414E-9FAB-62352FEBB24F}.Debug|Any CPU.Build.0 = Debug|Any CPU
		{7A1CD503-BE27-414E-9FAB-62352FEBB24F}.Release|Any CPU.ActiveCfg = Release|Any CPU
		{7A1CD503-BE27-414E-9FAB-62352FEBB24F}.Release|Any CPU.Build.0 = Release|Any CPU
		{39025067-35B8-44F5-8B11-B914541A6816}.Debug|Any CPU.ActiveCfg = Debug|Any CPU
		{39025067-35B8-44F5-8B11-B914541A6816}.Debug|Any CPU.Build.0 = Debug|Any CPU
		{39025067-35B8-44F5-8B11-B914541A6816}.Release|Any CPU.ActiveCfg = Release|Any CPU
		{39025067-35B8-44F5-8B11-B914541A6816}.Release|Any CPU.Build.0 = Release|Any CPU
	EndGlobalSection
	GlobalSection(SolutionProperties) = preSolution
		HideSolutionNode = FALSE
	EndGlobalSection
	GlobalSection(ExtensibilityGlobals) = postSolution
		SolutionGuid = {C3896DE7-2768-46ED-AF2D-E1C278E62623}
	EndGlobalSection
EndGlobal
